{
  "version": 4,
  "terraform_version": "1.1.5",
  "serial": 20,
  "lineage": "f0bf89f2-df58-9403-3f40-a4b7c375541e",
  "outputs": {},
  "resources": [
    {
      "mode": "data",
      "type": "template_file",
      "name": "inventory",
      "provider": "provider[\"registry.terraform.io/hashicorp/template\"]",
      "instances": [
        {
          "schema_version": 0,
          "attributes": {
            "filename": null,
            "id": "acd2f220f66c3e4a6d4c09b081ba7f7b1ac6d615365a4bd6fb96aeeaf2eb8f8b",
            "rendered": "[master]\nmasternode ansible_host=178.154.203.250\n\n[all:vars]\nansible_user = ubuntu\nansible_ssh_extra_args='-o UserKnownHostsFile=/dev/null -o StrictHostKeyChecking=no'\nansible_python_interpreter=/usr/bin/python3\n",
            "template": "[master]\nmasternode ansible_host=${host1}\n\n[all:vars]\nansible_user = ${user}\nansible_ssh_extra_args='-o UserKnownHostsFile=/dev/null -o StrictHostKeyChecking=no'\nansible_python_interpreter=/usr/bin/python3\n",
            "vars": {
              "host1": "178.154.203.250",
              "user": "ubuntu"
            }
          },
          "sensitive_attributes": []
        }
      ]
    },
    {
      "mode": "managed",
      "type": "local_file",
      "name": "save_inventory",
      "provider": "provider[\"registry.terraform.io/hashicorp/local\"]",
      "instances": [
        {
          "schema_version": 0,
          "attributes": {
            "content": "[master]\nmasternode ansible_host=178.154.203.250\n\n[all:vars]\nansible_user = ubuntu\nansible_ssh_extra_args='-o UserKnownHostsFile=/dev/null -o StrictHostKeyChecking=no'\nansible_python_interpreter=/usr/bin/python3\n",
            "content_base64": null,
            "directory_permission": "0777",
            "file_permission": "0777",
            "filename": "./inventory",
            "id": "2efacdbfaafb46593678122c0f79e9eb874fa577",
            "sensitive_content": null,
            "source": null
          },
          "sensitive_attributes": [],
          "private": "bnVsbA==",
          "dependencies": [
            "data.template_file.inventory",
            "yandex_compute_instance.linuxserver"
          ]
        }
      ]
    },
    {
      "mode": "managed",
      "type": "yandex_compute_instance",
      "name": "linuxserver",
      "provider": "provider[\"registry.terraform.io/yandex-cloud/yandex\"]",
      "instances": [
        {
          "schema_version": 1,
          "attributes": {
            "allow_stopping_for_update": null,
            "boot_disk": [
              {
                "auto_delete": true,
                "device_name": "fhmal8g5vcmhjpio67c9",
                "disk_id": "fhmal8g5vcmhjpio67c9",
                "initialize_params": [
                  {
                    "description": "",
                    "image_id": "fd83uvj8kqqmat838872",
                    "name": "",
                    "size": 20,
                    "snapshot_id": "",
                    "type": "network-hdd"
                  }
                ],
                "mode": "READ_WRITE"
              }
            ],
            "created_at": "2022-02-12T08:26:22Z",
            "description": "",
            "folder_id": "b1gc6voj6kklco2mpnnn",
            "fqdn": "fhm5r1ni3c13si5kv0r0.auto.internal",
            "hostname": "fhm5r1ni3c13si5kv0r0",
            "id": "fhm5r1ni3c13si5kv0r0",
            "labels": null,
            "metadata": {
              "ssh-keys": "ubuntu:ssh-rsa AAAAB3NzaC1yc2EAAAADAQABAAACAQDbnn0lkIbSGhFRNr7KUfRXr/w9ntLxRzxj9wZp8mDZQaveVpR4gxPBhulRj+jul25R/Vn9cHls/dICdNPNXTyFkz2EiT4E+mMo/ujH9XHRq9HBGvWv7Rpky4CS97iV6V6TVNoLCZdirZ+ILZ3wBwuReQK7JSfGMahPdvW0Rkw2OXpk++vZcSxHUR4l2QSgcsBuuh8zbBjXQuZUJXu5YHy/J+feU8TAZTQvE0T3o8KUWhtTRFMyglmPKg5X8v/aL+buu1Q1CbyXvyNuGH5IZRseeI858uSNGE3BYABtwDyUMz4wTkNFlSLWlrZvm9YXC5OdflLo8ppxbdCTKJWFN1E/SYbd/vEhHA5AUzP8yH19C6oF21IKd9ew1eyu71cdRC7kARalMZ4M+gGt57ERSKuNbyFcB/ZnNHPA9Wmoqb+f8FSvr35Y0e61PRuT/YVnpl1u/iuO3cjGL5Q61rv/x03ihBNvuOKBPPL7DgWc3QzDq2AUxyTNdfS3v21kg1HcQyE4il1aAqMkVm/P10+C1V91H9PvJCQOiXcXfq8ni7JxcVcrjME/kCycAt1JcyaQlv7Z6/UwnykG2Nm282/PLR4LdcmW24wgi+fgLK8elYvMCnxHcxk/AJvQhePqwlruDI4ROuj/OXr0nJdj9/5/CJRltD9AeqSaJoe5VHC/Hc6r7w== svielcom@gmail,com\n"
            },
            "name": "linuxserver",
            "network_acceleration_type": "standard",
            "network_interface": [
              {
                "dns_record": [],
                "index": 0,
                "ip_address": "10.128.0.32",
                "ipv4": true,
                "ipv6": false,
                "ipv6_address": "",
                "ipv6_dns_record": [],
                "mac_address": "d0:0d:5d:86:f2:1b",
                "nat": true,
                "nat_dns_record": [],
                "nat_ip_address": "178.154.203.250",
                "nat_ip_version": "IPV4",
                "security_group_ids": [],
                "subnet_id": "e9bp42kcejc94uaga548"
              }
            ],
            "placement_policy": [
              {
                "placement_group_id": ""
              }
            ],
            "platform_id": "standard-v1",
            "resources": [
              {
                "core_fraction": 20,
                "cores": 2,
                "gpus": 0,
                "memory": 2
              }
            ],
            "scheduling_policy": [
              {
                "preemptible": true
              }
            ],
            "secondary_disk": [],
            "service_account_id": "",
            "status": "running",
            "timeouts": null,
            "zone": "ru-central1-a"
          },
          "sensitive_attributes": [],
          "private": "eyJlMmJmYjczMC1lY2FhLTExZTYtOGY4OC0zNDM2M2JjN2M0YzAiOnsiY3JlYXRlIjozMDAwMDAwMDAwMDAsImRlbGV0ZSI6MzAwMDAwMDAwMDAwLCJ1cGRhdGUiOjMwMDAwMDAwMDAwMH0sInNjaGVtYV92ZXJzaW9uIjoiMSJ9"
        }
      ]
    }
  ]
}
